<?xml version="1.0" encoding="utf-8"?>
<Project ToolsVersion="4.0" xmlns="http://schemas.microsoft.com/developer/msbuild/2003">
  <ItemGroup>
    <Filter Include="Source Files">
      <UniqueIdentifier>{4FC737F1-C7A5-4376-A066-2A32D752A2FF}</UniqueIdentifier>
      <Extensions>cpp;c;cc;cxx;def;odl;idl;hpj;bat;asm;asmx</Extensions>
    </Filter>
    <Filter Include="Header Files">
      <UniqueIdentifier>{93995380-89BD-4b04-88EB-625FBE52EBFB}</UniqueIdentifier>
      <Extensions>h;hh;hpp;hxx;hm;inl;inc;xsd</Extensions>
    </Filter>
    <Filter Include="Resource Files">
      <UniqueIdentifier>{67DA6AB6-F800-4c08-8B7A-83BB121AAD01}</UniqueIdentifier>
      <Extensions>rc;ico;cur;bmp;dlg;rc2;rct;bin;rgs;gif;jpg;jpeg;jpe;resx;tiff;tif;png;wav;mfcribbon-ms</Extensions>
    </Filter>
    <Filter Include="src">
      <UniqueIdentifier>{679ec308-1164-4877-ba2b-79f48d3bd8c5}</UniqueIdentifier>
    </Filter>
    <Filter Include="src\_micro-api-readonly">
      <UniqueIdentifier>{6d29d745-d01b-4459-be92-dd8c36183c6d}</UniqueIdentifier>
    </Filter>
    <Filter Include="src\_micro-api-readonly\core">
      <UniqueIdentifier>{754359bf-34a6-4938-beae-a47276e69b10}</UniqueIdentifier>
    </Filter>
    <Filter Include="src\_micro-api-readonly\core\avr">
      <UniqueIdentifier>{950e2111-48b1-46e8-9d2b-99539ccc7ec0}</UniqueIdentifier>
    </Filter>
    <Filter Include="src\_micro-api-readonly\core\USB">
      <UniqueIdentifier>{9b2ce347-9c53-4239-9846-fe3051d767c1}</UniqueIdentifier>
    </Filter>
    <Filter Include="src\_micro-api-readonly\libraries">
      <UniqueIdentifier>{cd317fd7-0aa4-49ce-9dbd-9b71dc5ba403}</UniqueIdentifier>
    </Filter>
    <Filter Include="src\_micro-api-readonly\libraries\LinkedList">
      <UniqueIdentifier>{6e87055e-0ce3-4123-8229-0fd96397deda}</UniqueIdentifier>
    </Filter>
    <Filter Include="src\_micro-api-readonly\libraries\LiquidCrystalDue">
      <UniqueIdentifier>{ce7b4942-6848-405a-a705-bad5ac03c249}</UniqueIdentifier>
    </Filter>
    <Filter Include="src\_micro-api-readonly\libraries\SD">
      <UniqueIdentifier>{467afdc6-1b0f-4bd4-8374-917153c17371}</UniqueIdentifier>
    </Filter>
    <Filter Include="src\_micro-api-readonly\libraries\SPI">
      <UniqueIdentifier>{a4e9af51-8089-4028-8bb2-7ba2827d4845}</UniqueIdentifier>
    </Filter>
    <Filter Include="src\_micro-api-readonly\libraries\Keypad">
      <UniqueIdentifier>{5b55ae58-a5b4-464e-986f-9532abc4f734}</UniqueIdentifier>
    </Filter>
  </ItemGroup>
  <ItemGroup>
    <ClInclude Include="__vm\.test_pendant.vsarduino.h">
      <Filter>Header Files</Filter>
    </ClInclude>
    <ClInclude Include="RotaryEncoder.h">
      <Filter>Header Files</Filter>
    </ClInclude>
    <ClInclude Include="Pendant.h">
      <Filter>Header Files</Filter>
    </ClInclude>
    <ClInclude Include="Order.h">
      <Filter>Header Files</Filter>
    </ClInclude>
    <ClInclude Include="LibBipper.h">
      <Filter>Header Files</Filter>
    </ClInclude>
    <ClInclude Include="LibSpindle.h">
      <Filter>Header Files</Filter>
    </ClInclude>
    <ClInclude Include="LibData.h">
      <Filter>Header Files</Filter>
    </ClInclude>
    <ClInclude Include="LibKeyboard.h">
      <Filter>Header Files</Filter>
    </ClInclude>
    <ClInclude Include="..\..\..\AppData\Local\arduino15\packages\arduino\hardware\sam\1.6.9\cores\arduino\Arduino.h">
      <Filter>src\_micro-api-readonly\core</Filter>
    </ClInclude>
    <ClInclude Include="..\..\..\AppData\Local\arduino15\packages\arduino\hardware\sam\1.6.9\cores\arduino\binary.h">
      <Filter>src\_micro-api-readonly\core</Filter>
    </ClInclude>
    <ClInclude Include="..\..\..\AppData\Local\arduino15\packages\arduino\hardware\sam\1.6.9\cores\arduino\Client.h">
      <Filter>src\_micro-api-readonly\core</Filter>
    </ClInclude>
    <ClInclude Include="..\..\..\AppData\Local\arduino15\packages\arduino\hardware\sam\1.6.9\cores\arduino\HardwareSerial.h">
      <Filter>src\_micro-api-readonly\core</Filter>
    </ClInclude>
    <ClInclude Include="..\..\..\AppData\Local\arduino15\packages\arduino\hardware\sam\1.6.9\cores\arduino\IPAddress.h">
      <Filter>src\_micro-api-readonly\core</Filter>
    </ClInclude>
    <ClInclude Include="..\..\..\AppData\Local\arduino15\packages\arduino\hardware\sam\1.6.9\cores\arduino\itoa.h">
      <Filter>src\_micro-api-readonly\core</Filter>
    </ClInclude>
    <ClInclude Include="..\..\..\AppData\Local\arduino15\packages\arduino\hardware\sam\1.6.9\cores\arduino\Print.h">
      <Filter>src\_micro-api-readonly\core</Filter>
    </ClInclude>
    <ClInclude Include="..\..\..\AppData\Local\arduino15\packages\arduino\hardware\sam\1.6.9\cores\arduino\Printable.h">
      <Filter>src\_micro-api-readonly\core</Filter>
    </ClInclude>
    <ClInclude Include="..\..\..\AppData\Local\arduino15\packages\arduino\hardware\sam\1.6.9\cores\arduino\Reset.h">
      <Filter>src\_micro-api-readonly\core</Filter>
    </ClInclude>
    <ClInclude Include="..\..\..\AppData\Local\arduino15\packages\arduino\hardware\sam\1.6.9\cores\arduino\RingBuffer.h">
      <Filter>src\_micro-api-readonly\core</Filter>
    </ClInclude>
    <ClInclude Include="..\..\..\AppData\Local\arduino15\packages\arduino\hardware\sam\1.6.9\cores\arduino\Server.h">
      <Filter>src\_micro-api-readonly\core</Filter>
    </ClInclude>
    <ClInclude Include="..\..\..\AppData\Local\arduino15\packages\arduino\hardware\sam\1.6.9\cores\arduino\Stream.h">
      <Filter>src\_micro-api-readonly\core</Filter>
    </ClInclude>
    <ClInclude Include="..\..\..\AppData\Local\arduino15\packages\arduino\hardware\sam\1.6.9\cores\arduino\syscalls.h">
      <Filter>src\_micro-api-readonly\core</Filter>
    </ClInclude>
    <ClInclude Include="..\..\..\AppData\Local\arduino15\packages\arduino\hardware\sam\1.6.9\cores\arduino\Tone.h">
      <Filter>src\_micro-api-readonly\core</Filter>
    </ClInclude>
    <ClInclude Include="..\..\..\AppData\Local\arduino15\packages\arduino\hardware\sam\1.6.9\cores\arduino\UARTClass.h">
      <Filter>src\_micro-api-readonly\core</Filter>
    </ClInclude>
    <ClInclude Include="..\..\..\AppData\Local\arduino15\packages\arduino\hardware\sam\1.6.9\cores\arduino\Udp.h">
      <Filter>src\_micro-api-readonly\core</Filter>
    </ClInclude>
    <ClInclude Include="..\..\..\AppData\Local\arduino15\packages\arduino\hardware\sam\1.6.9\cores\arduino\USARTClass.h">
      <Filter>src\_micro-api-readonly\core</Filter>
    </ClInclude>
    <ClInclude Include="..\..\..\AppData\Local\arduino15\packages\arduino\hardware\sam\1.6.9\cores\arduino\watchdog.h">
      <Filter>src\_micro-api-readonly\core</Filter>
    </ClInclude>
    <ClInclude Include="..\..\..\AppData\Local\arduino15\packages\arduino\hardware\sam\1.6.9\cores\arduino\WCharacter.h">
      <Filter>src\_micro-api-readonly\core</Filter>
    </ClInclude>
    <ClInclude Include="..\..\..\AppData\Local\arduino15\packages\arduino\hardware\sam\1.6.9\cores\arduino\WInterrupts.h">
      <Filter>src\_micro-api-readonly\core</Filter>
    </ClInclude>
    <ClInclude Include="..\..\..\AppData\Local\arduino15\packages\arduino\hardware\sam\1.6.9\cores\arduino\wiring.h">
      <Filter>src\_micro-api-readonly\core</Filter>
    </ClInclude>
    <ClInclude Include="..\..\..\AppData\Local\arduino15\packages\arduino\hardware\sam\1.6.9\cores\arduino\wiring_analog.h">
      <Filter>src\_micro-api-readonly\core</Filter>
    </ClInclude>
    <ClInclude Include="..\..\..\AppData\Local\arduino15\packages\arduino\hardware\sam\1.6.9\cores\arduino\wiring_constants.h">
      <Filter>src\_micro-api-readonly\core</Filter>
    </ClInclude>
    <ClInclude Include="..\..\..\AppData\Local\arduino15\packages\arduino\hardware\sam\1.6.9\cores\arduino\wiring_digital.h">
      <Filter>src\_micro-api-readonly\core</Filter>
    </ClInclude>
    <ClInclude Include="..\..\..\AppData\Local\arduino15\packages\arduino\hardware\sam\1.6.9\cores\arduino\wiring_private.h">
      <Filter>src\_micro-api-readonly\core</Filter>
    </ClInclude>
    <ClInclude Include="..\..\..\AppData\Local\arduino15\packages\arduino\hardware\sam\1.6.9\cores\arduino\wiring_pulse.h">
      <Filter>src\_micro-api-readonly\core</Filter>
    </ClInclude>
    <ClInclude Include="..\..\..\AppData\Local\arduino15\packages\arduino\hardware\sam\1.6.9\cores\arduino\wiring_shift.h">
      <Filter>src\_micro-api-readonly\core</Filter>
    </ClInclude>
    <ClInclude Include="..\..\..\AppData\Local\arduino15\packages\arduino\hardware\sam\1.6.9\cores\arduino\WMath.h">
      <Filter>src\_micro-api-readonly\core</Filter>
    </ClInclude>
    <ClInclude Include="..\..\..\AppData\Local\arduino15\packages\arduino\hardware\sam\1.6.9\cores\arduino\WString.h">
      <Filter>src\_micro-api-readonly\core</Filter>
    </ClInclude>
    <ClInclude Include="..\..\..\AppData\Local\arduino15\packages\arduino\hardware\sam\1.6.9\cores\arduino\avr\dtostrf.h">
      <Filter>src\_micro-api-readonly\core\avr</Filter>
    </ClInclude>
    <ClInclude Include="..\..\..\AppData\Local\arduino15\packages\arduino\hardware\sam\1.6.9\cores\arduino\avr\interrupt.h">
      <Filter>src\_micro-api-readonly\core\avr</Filter>
    </ClInclude>
    <ClInclude Include="..\..\..\AppData\Local\arduino15\packages\arduino\hardware\sam\1.6.9\cores\arduino\avr\pgmspace.h">
      <Filter>src\_micro-api-readonly\core\avr</Filter>
    </ClInclude>
    <ClInclude Include="..\..\..\AppData\Local\arduino15\packages\arduino\hardware\sam\1.6.9\cores\arduino\USB\PluggableUSB.h">
      <Filter>src\_micro-api-readonly\core\USB</Filter>
    </ClInclude>
    <ClInclude Include="..\..\..\AppData\Local\arduino15\packages\arduino\hardware\sam\1.6.9\cores\arduino\USB\USBAPI.h">
      <Filter>src\_micro-api-readonly\core\USB</Filter>
    </ClInclude>
    <ClInclude Include="..\..\..\AppData\Local\arduino15\packages\arduino\hardware\sam\1.6.9\cores\arduino\USB\USBCore.h">
      <Filter>src\_micro-api-readonly\core\USB</Filter>
    </ClInclude>
    <ClInclude Include="..\..\..\AppData\Local\arduino15\packages\arduino\hardware\sam\1.6.9\cores\arduino\USB\USBDesc.h">
      <Filter>src\_micro-api-readonly\core\USB</Filter>
    </ClInclude>
    <ClInclude Include="..\..\..\AppData\Local\arduino15\packages\arduino\hardware\sam\1.6.9\variants\arduino_due_x\pins_arduino.h">
      <Filter>src\_micro-api-readonly\core</Filter>
    </ClInclude>
    <ClInclude Include="..\..\..\AppData\Local\arduino15\packages\arduino\hardware\sam\1.6.9\variants\arduino_due_x\variant.h">
      <Filter>src\_micro-api-readonly\core</Filter>
    </ClInclude>
    <ClInclude Include="..\libraries\LinkedList\LinkedList.h">
      <Filter>src\_micro-api-readonly\libraries\LinkedList</Filter>
    </ClInclude>
    <ClInclude Include="..\..\..\..\..\Program Files (x86)\Arduino\libraries\LiquidCrystalDue\LCD.h">
      <Filter>src\_micro-api-readonly\libraries\LiquidCrystalDue</Filter>
    </ClInclude>
    <ClInclude Include="..\..\..\..\..\Program Files (x86)\Arduino\libraries\LiquidCrystalDue\LiquidCrystalDue.h">
      <Filter>src\_micro-api-readonly\libraries\LiquidCrystalDue</Filter>
    </ClInclude>
    <ClInclude Include="..\..\..\..\..\Program Files (x86)\Arduino\libraries\SD\src\SD.h">
      <Filter>src\_micro-api-readonly\libraries\SD</Filter>
    </ClInclude>
    <ClInclude Include="..\..\..\..\..\Program Files (x86)\Arduino\libraries\SD\src\utility\FatStructs.h">
      <Filter>src\_micro-api-readonly\libraries\SD</Filter>
    </ClInclude>
    <ClInclude Include="..\..\..\..\..\Program Files (x86)\Arduino\libraries\SD\src\utility\Sd2Card.h">
      <Filter>src\_micro-api-readonly\libraries\SD</Filter>
    </ClInclude>
    <ClInclude Include="..\..\..\..\..\Program Files (x86)\Arduino\libraries\SD\src\utility\Sd2PinMap.h">
      <Filter>src\_micro-api-readonly\libraries\SD</Filter>
    </ClInclude>
    <ClInclude Include="..\..\..\..\..\Program Files (x86)\Arduino\libraries\SD\src\utility\SdFat.h">
      <Filter>src\_micro-api-readonly\libraries\SD</Filter>
    </ClInclude>
    <ClInclude Include="..\..\..\..\..\Program Files (x86)\Arduino\libraries\SD\src\utility\SdFatmainpage.h">
      <Filter>src\_micro-api-readonly\libraries\SD</Filter>
    </ClInclude>
    <ClInclude Include="..\..\..\..\..\Program Files (x86)\Arduino\libraries\SD\src\utility\SdFatUtil.h">
      <Filter>src\_micro-api-readonly\libraries\SD</Filter>
    </ClInclude>
    <ClInclude Include="..\..\..\..\..\Program Files (x86)\Arduino\libraries\SD\src\utility\SdInfo.h">
      <Filter>src\_micro-api-readonly\libraries\SD</Filter>
    </ClInclude>
    <ClInclude Include="..\..\..\AppData\Local\arduino15\packages\arduino\hardware\sam\1.6.9\libraries\SPI\src\SPI.h">
      <Filter>src\_micro-api-readonly\libraries\SPI</Filter>
    </ClInclude>
    <ClInclude Include="..\libraries\Keypad\Key.h">
      <Filter>src\_micro-api-readonly\libraries\Keypad</Filter>
    </ClInclude>
    <ClInclude Include="..\libraries\Keypad\Keypad.h">
      <Filter>src\_micro-api-readonly\libraries\Keypad</Filter>
    </ClInclude>
    <ClInclude Include="..\libraries\Keypad\src\Key.h">
      <Filter>src\_micro-api-readonly\libraries\Keypad</Filter>
    </ClInclude>
    <ClInclude Include="..\libraries\Keypad\src\Keypad.h">
      <Filter>src\_micro-api-readonly\libraries\Keypad</Filter>
    </ClInclude>
    <ClInclude Include="LibEncoder.h">
      <Filter>Header Files</Filter>
    </ClInclude>
  </ItemGroup>
  <ItemGroup>
    <ClCompile Include="RotaryEncoder.ino">
      <Filter>Source Files</Filter>
    </ClCompile>
    <ClCompile Include="Pendant.ino">
      <Filter>Source Files</Filter>
    </ClCompile>
    <ClCompile Include="..\..\..\AppData\Local\arduino15\packages\arduino\hardware\sam\1.6.9\cores\arduino\abi.cpp">
      <Filter>src\_micro-api-readonly\core</Filter>
    </ClCompile>
    <ClCompile Include="..\..\..\AppData\Local\arduino15\packages\arduino\hardware\sam\1.6.9\cores\arduino\IPAddress.cpp">
      <Filter>src\_micro-api-readonly\core</Filter>
    </ClCompile>
    <ClCompile Include="..\..\..\AppData\Local\arduino15\packages\arduino\hardware\sam\1.6.9\cores\arduino\main.cpp">
      <Filter>src\_micro-api-readonly\core</Filter>
    </ClCompile>
    <ClCompile Include="..\..\..\AppData\Local\arduino15\packages\arduino\hardware\sam\1.6.9\cores\arduino\new.cpp">
      <Filter>src\_micro-api-readonly\core</Filter>
    </ClCompile>
    <ClCompile Include="..\..\..\AppData\Local\arduino15\packages\arduino\hardware\sam\1.6.9\cores\arduino\Print.cpp">
      <Filter>src\_micro-api-readonly\core</Filter>
    </ClCompile>
    <ClCompile Include="..\..\..\AppData\Local\arduino15\packages\arduino\hardware\sam\1.6.9\cores\arduino\Reset.cpp">
      <Filter>src\_micro-api-readonly\core</Filter>
    </ClCompile>
    <ClCompile Include="..\..\..\AppData\Local\arduino15\packages\arduino\hardware\sam\1.6.9\cores\arduino\RingBuffer.cpp">
      <Filter>src\_micro-api-readonly\core</Filter>
    </ClCompile>
    <ClCompile Include="..\..\..\AppData\Local\arduino15\packages\arduino\hardware\sam\1.6.9\cores\arduino\Stream.cpp">
      <Filter>src\_micro-api-readonly\core</Filter>
    </ClCompile>
    <ClCompile Include="..\..\..\AppData\Local\arduino15\packages\arduino\hardware\sam\1.6.9\cores\arduino\UARTClass.cpp">
      <Filter>src\_micro-api-readonly\core</Filter>
    </ClCompile>
    <ClCompile Include="..\..\..\AppData\Local\arduino15\packages\arduino\hardware\sam\1.6.9\cores\arduino\USARTClass.cpp">
      <Filter>src\_micro-api-readonly\core</Filter>
    </ClCompile>
    <ClCompile Include="..\..\..\AppData\Local\arduino15\packages\arduino\hardware\sam\1.6.9\cores\arduino\watchdog.cpp">
      <Filter>src\_micro-api-readonly\core</Filter>
    </ClCompile>
    <ClCompile Include="..\..\..\AppData\Local\arduino15\packages\arduino\hardware\sam\1.6.9\cores\arduino\wiring_pulse.cpp">
      <Filter>src\_micro-api-readonly\core</Filter>
    </ClCompile>
    <ClCompile Include="..\..\..\AppData\Local\arduino15\packages\arduino\hardware\sam\1.6.9\cores\arduino\WMath.cpp">
      <Filter>src\_micro-api-readonly\core</Filter>
    </ClCompile>
    <ClCompile Include="..\..\..\AppData\Local\arduino15\packages\arduino\hardware\sam\1.6.9\cores\arduino\WString.cpp">
      <Filter>src\_micro-api-readonly\core</Filter>
    </ClCompile>
    <ClCompile Include="..\..\..\AppData\Local\arduino15\packages\arduino\hardware\sam\1.6.9\cores\arduino\USB\CDC.cpp">
      <Filter>src\_micro-api-readonly\core\USB</Filter>
    </ClCompile>
    <ClCompile Include="..\..\..\AppData\Local\arduino15\packages\arduino\hardware\sam\1.6.9\cores\arduino\USB\PluggableUSB.cpp">
      <Filter>src\_micro-api-readonly\core\USB</Filter>
    </ClCompile>
    <ClCompile Include="..\..\..\AppData\Local\arduino15\packages\arduino\hardware\sam\1.6.9\cores\arduino\USB\USBCore.cpp">
      <Filter>src\_micro-api-readonly\core\USB</Filter>
    </ClCompile>
    <ClCompile Include="..\..\..\AppData\Local\arduino15\packages\arduino\hardware\sam\1.6.9\variants\arduino_due_x\variant.cpp">
      <Filter>src\_micro-api-readonly\core</Filter>
    </ClCompile>
    <ClCompile Include="..\..\..\..\..\Program Files (x86)\Arduino\libraries\LiquidCrystalDue\LCD.cpp">
      <Filter>src\_micro-api-readonly\libraries\LiquidCrystalDue</Filter>
    </ClCompile>
    <ClCompile Include="..\..\..\..\..\Program Files (x86)\Arduino\libraries\LiquidCrystalDue\LiquidCrystalDue.cpp">
      <Filter>src\_micro-api-readonly\libraries\LiquidCrystalDue</Filter>
    </ClCompile>
    <ClCompile Include="..\..\..\..\..\Program Files (x86)\Arduino\libraries\SD\src\File.cpp">
      <Filter>src\_micro-api-readonly\libraries\SD</Filter>
    </ClCompile>
    <ClCompile Include="..\..\..\..\..\Program Files (x86)\Arduino\libraries\SD\src\SD.cpp">
      <Filter>src\_micro-api-readonly\libraries\SD</Filter>
    </ClCompile>
    <ClCompile Include="..\..\..\..\..\Program Files (x86)\Arduino\libraries\SD\src\utility\Sd2Card.cpp">
      <Filter>src\_micro-api-readonly\libraries\SD</Filter>
    </ClCompile>
    <ClCompile Include="..\..\..\..\..\Program Files (x86)\Arduino\libraries\SD\src\utility\SdFile.cpp">
      <Filter>src\_micro-api-readonly\libraries\SD</Filter>
    </ClCompile>
    <ClCompile Include="..\..\..\..\..\Program Files (x86)\Arduino\libraries\SD\src\utility\SdVolume.cpp">
      <Filter>src\_micro-api-readonly\libraries\SD</Filter>
    </ClCompile>
    <ClCompile Include="..\..\..\AppData\Local\arduino15\packages\arduino\hardware\sam\1.6.9\libraries\SPI\src\SPI.cpp">
      <Filter>src\_micro-api-readonly\libraries\SPI</Filter>
    </ClCompile>
    <ClCompile Include="..\libraries\Keypad\Key.cpp">
      <Filter>src\_micro-api-readonly\libraries\Keypad</Filter>
    </ClCompile>
    <ClCompile Include="..\libraries\Keypad\Keypad.cpp">
      <Filter>src\_micro-api-readonly\libraries\Keypad</Filter>
    </ClCompile>
    <ClCompile Include="..\libraries\Keypad\src\Key.cpp">
      <Filter>src\_micro-api-readonly\libraries\Keypad</Filter>
    </ClCompile>
    <ClCompile Include="..\libraries\Keypad\src\Keypad.cpp">
      <Filter>src\_micro-api-readonly\libraries\Keypad</Filter>
    </ClCompile>
  </ItemGroup>
  <ItemGroup>
    <None Include="test_pendant.ino" />
    <None Include="Order.ino">
      <Filter>Source Files</Filter>
    </None>
    <None Include="..\..\..\AppData\Local\arduino15\packages\arduino\hardware\sam\1.6.9\cores\arduino\wiring_pulse_asm.S">
      <Filter>src\_micro-api-readonly\core</Filter>
    </None>
    <None Include="..\libraries\LinkedList\library.json">
      <Filter>src\_micro-api-readonly\libraries\LinkedList</Filter>
    </None>
    <None Include="..\libraries\LinkedList\library.properties">
      <Filter>src\_micro-api-readonly\libraries\LinkedList</Filter>
    </None>
    <None Include="..\..\..\..\..\Program Files (x86)\Arduino\libraries\SD\library.properties">
      <Filter>src\_micro-api-readonly\libraries\SD</Filter>
    </None>
    <None Include="..\..\..\AppData\Local\arduino15\packages\arduino\hardware\sam\1.6.9\libraries\SPI\library.properties">
      <Filter>src\_micro-api-readonly\libraries\SPI</Filter>
    </None>
    <None Include="..\libraries\Keypad\library.properties">
      <Filter>src\_micro-api-readonly\libraries\Keypad</Filter>
    </None>
  </ItemGroup>
  <ItemGroup>
    <Text Include="..\libraries\LinkedList\keywords.txt">
      <Filter>src\_micro-api-readonly\libraries\LinkedList</Filter>
    </Text>
    <Text Include="..\libraries\LinkedList\LICENSE.txt">
      <Filter>src\_micro-api-readonly\libraries\LinkedList</Filter>
    </Text>
    <Text Include="..\..\..\..\..\Program Files (x86)\Arduino\libraries\LiquidCrystalDue\keywords.txt">
      <Filter>src\_micro-api-readonly\libraries\LiquidCrystalDue</Filter>
    </Text>
    <Text Include="..\..\..\..\..\Program Files (x86)\Arduino\libraries\SD\keywords.txt">
      <Filter>src\_micro-api-readonly\libraries\SD</Filter>
    </Text>
    <Text Include="..\..\..\..\..\Program Files (x86)\Arduino\libraries\SD\src\README.txt">
      <Filter>src\_micro-api-readonly\libraries\SD</Filter>
    </Text>
    <Text Include="..\..\..\AppData\Local\arduino15\packages\arduino\hardware\sam\1.6.9\libraries\SPI\keywords.txt">
      <Filter>src\_micro-api-readonly\libraries\SPI</Filter>
    </Text>
    <Text Include="..\libraries\Keypad\keywords.txt">
      <Filter>src\_micro-api-readonly\libraries\Keypad</Filter>
    </Text>
  </ItemGroup>
</Project>